
Microsoft Visual Studio Solution File, Format Version 12.00
# Visual Studio Version 17
VisualStudioVersion = 17.2.32630.192
MinimumVisualStudioVersion = 10.0.40219.1
Project("{8BC9CEB8-8B4A-11D0-8D11-00A0C91BC942}") = "ElfShooter", "ElfShooter.vcxproj", "{E96CB2D0-F102-4EC7-97EA-38A7CF434C42}"
EndProject
Global
	GlobalSection(SolutionConfigurationPlatforms) = preSolution
		Debug|x64 = Debug|x64
		Release|x64 = Release|x64
	EndGlobalSection
	GlobalSection(ProjectConfigurationPlatforms) = postSolution
		{E96CB2D0-F102-4EC7-97EA-38A7CF434C42}.Debug|x64.ActiveCfg = Debug|x64
		{E96CB2D0-F102-4EC7-97EA-38A7CF434C42}.Debug|x64.Build.0 = Debug|x64
		{E96CB2D0-F102-4EC7-97EA-38A7CF434C42}.Release|x64.ActiveCfg = Release|x64
		{E96CB2D0-F102-4EC7-97EA-38A7CF434C42}.Release|x64.Build.0 = Release|x64
	EndGlobalSection
	GlobalSection(SolutionProperties) = preSolution
		HideSolutionNode = FALSE
	EndGlobalSection
	GlobalSection(ExtensibilityGlobals) = postSolution
		SolutionGuid = {0BB470E7-7ECB-4291-B5AE-5FDF15FC929A}
	EndGlobalSection
EndGlobal
